<?xml version="1.0"?>
<!DOCTYPE Code::Blocks_project_file>
<Code::Blocks_project_file>
	<FileVersion major="1" minor="1"/>
	<Project>
		<Option title="kdtree-perf"/>
		<Option makefile="Makefile"/>
		<Option makefile_is_custom="0"/>
		<Option compiler="0"/>
		<Build>
			<Target title="default">
				<Option output="..\bin\kdtree-perf.exe"/>
				<Option working_dir="..\bin"/>
				<Option object_output="..\obj"/>
				<Option deps_output="..\dep"/>
				<Option external_deps=""/>
				<Option type="1"/>
				<Option compiler="0"/>
				<Option projectResourceIncludeDirsRelation="1"/>
			</Target>
		</Build>
		<Compiler>
			<Add option="-Wall"/>
			<Add option="-g"/>
			<Add option="-I../src"/>
		</Compiler>
		<Unit filename="..\src\KDTree.hh">
			<Option compilerVar=""/>
			<Option compile="0"/>
			<Option link="0"/>
			<Option target="default"/>
		</Unit>
		<Unit filename="..\test\main.cc">
			<Option compilerVar="CC"/>
			<Option target="default"/>
		</Unit>
	</Project>
</Code::Blocks_project_file>
